
Microsoft Visual Studio Solution File, Format Version 12.00
# Visual Studio Version 17
VisualStudioVersion = 17.7.34031.279
MinimumVisualStudioVersion = 10.0.40219.1
Project("{FAE04EC0-301F-11D3-BF4B-00C04F79EFBC}") = "coursework", "coursework1\coursework.csproj", "{1541C624-916E-4DD5-A9A1-B4C5890E25E8}"
EndProject
Project("{2150E333-8FDC-42A3-9474-1A3956D46DE8}") = "Solution Items", "Solution Items", "{211117C7-1174-4176-A93A-C2A67EB26BD3}"
EndProject
Global
	GlobalSection(SolutionConfigurationPlatforms) = preSolution
		Debug|Any CPU = Debug|Any CPU
		Release|Any CPU = Release|Any CPU
	EndGlobalSection
	GlobalSection(ProjectConfigurationPlatforms) = postSolution
		{1541C624-916E-4DD5-A9A1-B4C5890E25E8}.Debug|Any CPU.ActiveCfg = Debug|Any CPU
		{1541C624-916E-4DD5-A9A1-B4C5890E25E8}.Debug|Any CPU.Build.0 = Debug|Any CPU
		{1541C624-916E-4DD5-A9A1-B4C5890E25E8}.Release|Any CPU.ActiveCfg = Release|Any CPU
		{1541C624-916E-4DD5-A9A1-B4C5890E25E8}.Release|Any CPU.Build.0 = Release|Any CPU
	EndGlobalSection
	GlobalSection(SolutionProperties) = preSolution
		HideSolutionNode = FALSE
	EndGlobalSection
	GlobalSection(ExtensibilityGlobals) = postSolution
		SolutionGuid = {D434465C-B0AB-45F4-B4F3-4DA028892788}
	EndGlobalSection
EndGlobal
